
Microsoft Visual Studio Solution File, Format Version 12.00
# Visual Studio 15
VisualStudioVersion = 15.0.28010.2036
MinimumVisualStudioVersion = 10.0.40219.1
Project("{FAE04EC0-301F-11D3-BF4B-00C04F79EFBC}") = "ClassicGarage", "ClassicGarage\ClassicGarage.csproj", "{DCAD7DAF-2643-4B5F-BF2C-B98AC5D66AB8}"
EndProject
Global
	GlobalSection(SolutionConfigurationPlatforms) = preSolution
		Debug|Any CPU = Debug|Any CPU
		Release|Any CPU = Release|Any CPU
	EndGlobalSection
	GlobalSection(ProjectConfigurationPlatforms) = postSolution
		{DCAD7DAF-2643-4B5F-BF2C-B98AC5D66AB8}.Debug|Any CPU.ActiveCfg = Debug|Any CPU
		{DCAD7DAF-2643-4B5F-BF2C-B98AC5D66AB8}.Debug|Any CPU.Build.0 = Debug|Any CPU
		{DCAD7DAF-2643-4B5F-BF2C-B98AC5D66AB8}.Release|Any CPU.ActiveCfg = Release|Any CPU
		{DCAD7DAF-2643-4B5F-BF2C-B98AC5D66AB8}.Release|Any CPU.Build.0 = Release|Any CPU
	EndGlobalSection
	GlobalSection(SolutionProperties) = preSolution
		HideSolutionNode = FALSE
	EndGlobalSection
	GlobalSection(ExtensibilityGlobals) = postSolution
		SolutionGuid = {B116EF1E-F69A-42CE-9BB4-E49B24641F92}
	EndGlobalSection
EndGlobal
